
Microsoft Visual Studio Solution File, Format Version 12.00
# Visual Studio Version 17
VisualStudioVersion = 17.6.33829.357
MinimumVisualStudioVersion = 10.0.40219.1
Project("{FAE04EC0-301F-11D3-BF4B-00C04F79EFBC}") = "Managed", "Managed.csproj", "{D43F2BBF-DC80-42A8-9324-5A3FB251A830}"
EndProject
Global
	GlobalSection(SolutionConfigurationPlatforms) = preSolution
		Debug|Any CPU = Debug|Any CPU
		Debug|x64 = Debug|x64
		Release|Any CPU = Release|Any CPU
		Release|x64 = Release|x64
	EndGlobalSection
	GlobalSection(ProjectConfigurationPlatforms) = postSolution
		{D43F2BBF-DC80-42A8-9324-5A3FB251A830}.Debug|Any CPU.ActiveCfg = Debug|Any CPU
		{D43F2BBF-DC80-42A8-9324-5A3FB251A830}.Debug|Any CPU.Build.0 = Debug|Any CPU
		{D43F2BBF-DC80-42A8-9324-5A3FB251A830}.Debug|x64.ActiveCfg = Debug|x64
		{D43F2BBF-DC80-42A8-9324-5A3FB251A830}.Debug|x64.Build.0 = Debug|x64
		{D43F2BBF-DC80-42A8-9324-5A3FB251A830}.Release|Any CPU.ActiveCfg = Release|Any CPU
		{D43F2BBF-DC80-42A8-9324-5A3FB251A830}.Release|Any CPU.Build.0 = Release|Any CPU
		{D43F2BBF-DC80-42A8-9324-5A3FB251A830}.Release|x64.ActiveCfg = Release|x64
		{D43F2BBF-DC80-42A8-9324-5A3FB251A830}.Release|x64.Build.0 = Release|x64
	EndGlobalSection
	GlobalSection(SolutionProperties) = preSolution
		HideSolutionNode = FALSE
	EndGlobalSection
	GlobalSection(ExtensibilityGlobals) = postSolution
		SolutionGuid = {41B73F5E-337B-4B34-8803-88BE05CE6495}
	EndGlobalSection
EndGlobal
